
Microsoft Visual Studio Solution File, Format Version 12.00
# Visual Studio Version 17
VisualStudioVersion = 17.9.34902.65
MinimumVisualStudioVersion = 10.0.40219.1
Project("{9A19103F-16F7-4668-BE54-9A1E7A4F7556}") = "AutomobileLibrary", "AutomobileLibrary\AutomobileLibrary.csproj", "{722A9B05-281E-4182-B599-280DBA539E3B}"
EndProject
Project("{FAE04EC0-301F-11D3-BF4B-00C04F79EFBC}") = "AutomobileWinApp", "AutomobileWinApp\AutomobileWinApp.csproj", "{933A7862-5530-4D81-A999-143C5BD39D86}"
EndProject
Global
	GlobalSection(SolutionConfigurationPlatforms) = preSolution
		Debug|Any CPU = Debug|Any CPU
		Release|Any CPU = Release|Any CPU
	EndGlobalSection
	GlobalSection(ProjectConfigurationPlatforms) = postSolution
		{722A9B05-281E-4182-B599-280DBA539E3B}.Debug|Any CPU.ActiveCfg = Debug|Any CPU
		{722A9B05-281E-4182-B599-280DBA539E3B}.Debug|Any CPU.Build.0 = Debug|Any CPU
		{722A9B05-281E-4182-B599-280DBA539E3B}.Release|Any CPU.ActiveCfg = Release|Any CPU
		{722A9B05-281E-4182-B599-280DBA539E3B}.Release|Any CPU.Build.0 = Release|Any CPU
		{933A7862-5530-4D81-A999-143C5BD39D86}.Debug|Any CPU.ActiveCfg = Debug|Any CPU
		{933A7862-5530-4D81-A999-143C5BD39D86}.Debug|Any CPU.Build.0 = Debug|Any CPU
		{933A7862-5530-4D81-A999-143C5BD39D86}.Release|Any CPU.ActiveCfg = Release|Any CPU
		{933A7862-5530-4D81-A999-143C5BD39D86}.Release|Any CPU.Build.0 = Release|Any CPU
	EndGlobalSection
	GlobalSection(SolutionProperties) = preSolution
		HideSolutionNode = FALSE
	EndGlobalSection
	GlobalSection(ExtensibilityGlobals) = postSolution
		SolutionGuid = {1FE55474-207F-4AB0-A4AF-78DC6BF8C106}
	EndGlobalSection
EndGlobal
